// !$*UTF8*$!
{
	archiveVersion = 1;
	classes = {
	};
	objectVersion = 48;
	objects = {

/* Begin PBXBuildFile section */
		A997FB621FED257C00D44816 /* AppDelegate.swift in Sources */ = {isa = PBXBuildFile; fileRef = A997FB611FED257C00D44816 /* AppDelegate.swift */; };
		A997FB641FED257C00D44816 /* ViewController.swift in Sources */ = {isa = PBXBuildFile; fileRef = A997FB631FED257C00D44816 /* ViewController.swift */; };
		A997FB671FED257C00D44816 /* Main.storyboard in Resources */ = {isa = PBXBuildFile; fileRef = A997FB651FED257C00D44816 /* Main.storyboard */; };
		A997FB691FED257C00D44816 /* Assets.xcassets in Resources */ = {isa = PBXBuildFile; fileRef = A997FB681FED257C00D44816 /* Assets.xcassets */; };
		A997FB6C1FED257C00D44816 /* LaunchScreen.storyboard in Resources */ = {isa = PBXBuildFile; fileRef = A997FB6A1FED257C00D44816 /* LaunchScreen.storyboard */; };
		A997FB771FED257C00D44816 /* WeatherTests.swift in Sources */ = {isa = PBXBuildFile; fileRef = A997FB761FED257C00D44816 /* WeatherTests.swift */; };
		A997FB821FED257C00D44816 /* WeatherUITests.swift in Sources */ = {isa = PBXBuildFile; fileRef = A997FB811FED257C00D44816 /* WeatherUITests.swift */; };
/* End PBXBuildFile section */

/* Begin PBXContainerItemProxy section */
		A997FB731FED257C00D44816 /* PBXContainerItemProxy */ = {
			isa = PBXContainerItemProxy;
			containerPortal = A997FB561FED257C00D44816 /* Project object */;
			proxyType = 1;
			remoteGlobalIDString = A997FB5D1FED257C00D44816;
			remoteInfo = Weather;
		};
		A997FB7E1FED257C00D44816 /* PBXContainerItemProxy */ = {
			isa = PBXContainerItemProxy;
			containerPortal = A997FB561FED257C00D44816 /* Project object */;
			proxyType = 1;
			remoteGlobalIDString = A997FB5D1FED257C00D44816;
			remoteInfo = Weather;
		};
/* End PBXContainerItemProxy section */

/* Begin PBXFileReference section */
		A997FB5E1FED257C00D44816 /* Weather.app */ = {isa = PBXFileReference; explicitFileType = wrapper.application; includeInIndex = 0; path = Weather.app; sourceTree = BUILT_PRODUCTS_DIR; };
		A997FB611FED257C00D44816 /* AppDelegate.swift */ = {isa = PBXFileReference; lastKnownFileType = sourcecode.swift; path = AppDelegate.swift; sourceTree = "<group>"; };
		A997FB631FED257C00D44816 /* ViewController.swift */ = {isa = PBXFileReference; lastKnownFileType = sourcecode.swift; path = ViewController.swift; sourceTree = "<group>"; };
		A997FB661FED257C00D44816 /* Base */ = {isa = PBXFileReference; lastKnownFileType = file.storyboard; name = Base; path = Base.lproj/Main.storyboard; sourceTree = "<group>"; };
		A997FB681FED257C00D44816 /* Assets.xcassets */ = {isa = PBXFileReference; lastKnownFileType = folder.assetcatalog; path = Assets.xcassets; sourceTree = "<group>"; };
		A997FB6B1FED257C00D44816 /* Base */ = {isa = PBXFileReference; lastKnownFileType = file.storyboard; name = Base; path = Base.lproj/LaunchScreen.storyboard; sourceTree = "<group>"; };
		A997FB6D1FED257C00D44816 /* Info.plist */ = {isa = PBXFileReference; lastKnownFileType = text.plist.xml; path = Info.plist; sourceTree = "<group>"; };
		A997FB721FED257C00D44816 /* WeatherTests.xctest */ = {isa = PBXFileReference; explicitFileType = wrapper.cfbundle; includeInIndex = 0; path = WeatherTests.xctest; sourceTree = BUILT_PRODUCTS_DIR; };
		A997FB761FED257C00D44816 /* WeatherTests.swift */ = {isa = PBXFileReference; lastKnownFileType = sourcecode.swift; path = WeatherTests.swift; sourceTree = "<group>"; };
		A997FB781FED257C00D44816 /* Info.plist */ = {isa = PBXFileReference; lastKnownFileType = text.plist.xml; path = Info.plist; sourceTree = "<group>"; };
		A997FB7D1FED257C00D44816 /* WeatherUITests.xctest */ = {isa = PBXFileReference; explicitFileType = wrapper.cfbundle; includeInIndex = 0; path = WeatherUITests.xctest; sourceTree = BUILT_PRODUCTS_DIR; };
		A997FB811FED257C00D44816 /* WeatherUITests.swift */ = {isa = PBXFileReference; lastKnownFileType = sourcecode.swift; path = WeatherUITests.swift; sourceTree = "<group>"; };
		A997FB831FED257C00D44816 /* Info.plist */ = {isa = PBXFileReference; lastKnownFileType = text.plist.xml; path = Info.plist; sourceTree = "<group>"; };
/* End PBXFileReference section */

/* Begin PBXFrameworksBuildPhase section */
		A997FB5B1FED257C00D44816 /* Frameworks */ = {
			isa = PBXFrameworksBuildPhase;
			buildActionMask = 2147483647;
			files = (
			);
			runOnlyForDeploymentPostprocessing = 0;
		};
		A997FB6F1FED257C00D44816 /* Frameworks */ = {
			isa = PBXFrameworksBuildPhase;
			buildActionMask = 2147483647;
			files = (
			);
			runOnlyForDeploymentPostprocessing = 0;
		};
		A997FB7A1FED257C00D44816 /* Frameworks */ = {
			isa = PBXFrameworksBuildPhase;
			buildActionMask = 2147483647;
			files = (
			);
			runOnlyForDeploymentPostprocessing = 0;
		};
/* End PBXFrameworksBuildPhase section */

/* Begin PBXGroup section */
		A997FB551FED257C00D44816 = {
			isa = PBXGroup;
			children = (
				A997FB601FED257C00D44816 /* Weather */,
				A997FB751FED257C00D44816 /* WeatherTests */,
				A997FB801FED257C00D44816 /* WeatherUITests */,
				A997FB5F1FED257C00D44816 /* Products */,
			);
			sourceTree = "<group>";
		};
		A997FB5F1FED257C00D44816 /* Products */ = {
			isa = PBXGroup;
			children = (
				A997FB5E1FED257C00D44816 /* Weather.app */,
				A997FB721FED257C00D44816 /* WeatherTests.xctest */,
				A997FB7D1FED257C00D44816 /* WeatherUITests.xctest */,
			);
			name = Products;
			sourceTree = "<group>";
		};
		A997FB601FED257C00D44816 /* Weather */ = {
			isa = PBXGroup;
			children = (
				A997FB611FED257C00D44816 /* AppDelegate.swift */,
				A997FB631FED257C00D44816 /* ViewController.swift */,
				A997FB651FED257C00D44816 /* Main.storyboard */,
				A997FB681FED257C00D44816 /* Assets.xcassets */,
				A997FB6A1FED257C00D44816 /* LaunchScreen.storyboard */,
				A997FB6D1FED257C00D44816 /* Info.plist */,
			);
			path = Weather;
			sourceTree = "<group>";
		};
		A997FB751FED257C00D44816 /* WeatherTests */ = {
			isa = PBXGroup;
			children = (
				A997FB761FED257C00D44816 /* WeatherTests.swift */,
				A997FB781FED257C00D44816 /* Info.plist */,
			);
			path = WeatherTests;
			sourceTree = "<group>";
		};
		A997FB801FED257C00D44816 /* WeatherUITests */ = {
			isa = PBXGroup;
			children = (
				A997FB811FED257C00D44816 /* WeatherUITests.swift */,
				A997FB831FED257C00D44816 /* Info.plist */,
			);
			path = WeatherUITests;
			sourceTree = "<group>";
		};
/* End PBXGroup section */

/* Begin PBXNativeTarget section */
		A997FB5D1FED257C00D44816 /* Weather */ = {
			isa = PBXNativeTarget;
			buildConfigurationList = A997FB861FED257C00D44816 /* Build configuration list for PBXNativeTarget "Weather" */;
			buildPhases = (
				A997FB5A1FED257C00D44816 /* Sources */,
				A997FB5B1FED257C00D44816 /* Frameworks */,
				A997FB5C1FED257C00D44816 /* Resources */,
			);
			buildRules = (
			);
			dependencies = (
			);
			name = Weather;
			productName = Weather;
			productReference = A997FB5E1FED257C00D44816 /* Weather.app */;
			productType = "com.apple.product-type.application";
		};
		A997FB711FED257C00D44816 /* WeatherTests */ = {
			isa = PBXNativeTarget;
			buildConfigurationList = A997FB891FED257C00D44816 /* Build configuration list for PBXNativeTarget "WeatherTests" */;
			buildPhases = (
				A997FB6E1FED257C00D44816 /* Sources */,
				A997FB6F1FED257C00D44816 /* Frameworks */,
				A997FB701FED257C00D44816 /* Resources */,
			);
			buildRules = (
			);
			dependencies = (
				A997FB741FED257C00D44816 /* PBXTargetDependency */,
			);
			name = WeatherTests;
			productName = WeatherTests;
			productReference = A997FB721FED257C00D44816 /* WeatherTests.xctest */;
			productType = "com.apple.product-type.bundle.unit-test";
		};
		A997FB7C1FED257C00D44816 /* WeatherUITests */ = {
			isa = PBXNativeTarget;
			buildConfigurationList = A997FB8C1FED257C00D44816 /* Build configuration list for PBXNativeTarget "WeatherUITests" */;
			buildPhases = (
				A997FB791FED257C00D44816 /* Sources */,
				A997FB7A1FED257C00D44816 /* Frameworks */,
				A997FB7B1FED257C00D44816 /* Resources */,
			);
			buildRules = (
			);
			dependencies = (
				A997FB7F1FED257C00D44816 /* PBXTargetDependency */,
			);
			name = WeatherUITests;
			productName = WeatherUITests;
			productReference = A997FB7D1FED257C00D44816 /* WeatherUITests.xctest */;
			productType = "com.apple.product-type.bundle.ui-testing";
		};
/* End PBXNativeTarget section */

/* Begin PBXProject section */
		A997FB561FED257C00D44816 /* Project object */ = {
			isa = PBXProject;
			attributes = {
				LastSwiftUpdateCheck = 0920;
				LastUpgradeCheck = 0920;
				ORGANIZATIONNAME = "Jeroen Dunselman";
				TargetAttributes = {
					A997FB5D1FED257C00D44816 = {
						CreatedOnToolsVersion = 9.2;
						ProvisioningStyle = Automatic;
					};
					A997FB711FED257C00D44816 = {
						CreatedOnToolsVersion = 9.2;
						ProvisioningStyle = Automatic;
						TestTargetID = A997FB5D1FED257C00D44816;
					};
					A997FB7C1FED257C00D44816 = {
						CreatedOnToolsVersion = 9.2;
						ProvisioningStyle = Automatic;
						TestTargetID = A997FB5D1FED257C00D44816;
					};
				};
			};
			buildConfigurationList = A997FB591FED257C00D44816 /* Build configuration list for PBXProject "Weather" */;
			compatibilityVersion = "Xcode 8.0";
			developmentRegion = en;
			hasScannedForEncodings = 0;
			knownRegions = (
				en,
				Base,
			);
			mainGroup = A997FB551FED257C00D44816;
			productRefGroup = A997FB5F1FED257C00D44816 /* Products */;
			projectDirPath = "";
			projectRoot = "";
			targets = (
				A997FB5D1FED257C00D44816 /* Weather */,
				A997FB711FED257C00D44816 /* WeatherTests */,
				A997FB7C1FED257C00D44816 /* WeatherUITests */,
			);
		};
/* End PBXProject section */

/* Begin PBXResourcesBuildPhase section */
		A997FB5C1FED257C00D44816 /* Resources */ = {
			isa = PBXResourcesBuildPhase;
			buildActionMask = 2147483647;
			files = (
				A997FB6C1FED257C00D44816 /* LaunchScreen.storyboard in Resources */,
				A997FB691FED257C00D44816 /* Assets.xcassets in Resources */,
				A997FB671FED257C00D44816 /* Main.storyboard in Resources */,
			);
			runOnlyForDeploymentPostprocessing = 0;
		};
		A997FB701FED257C00D44816 /* Resources */ = {
			isa = PBXResourcesBuildPhase;
			buildActionMask = 2147483647;
			files = (
			);
			runOnlyForDeploymentPostprocessing = 0;
		};
		A997FB7B1FED257C00D44816 /* Resources */ = {
			isa = PBXResourcesBuildPhase;
			buildActionMask = 2147483647;
			files = (
			);
			runOnlyForDeploymentPostprocessing = 0;
		};
/* End PBXResourcesBuildPhase section */

/* Begin PBXSourcesBuildPhase section */
		A997FB5A1FED257C00D44816 /* Sources */ = {
			isa = PBXSourcesBuildPhase;
			buildActionMask = 2147483647;
			files = (
				A997FB641FED257C00D44816 /* ViewController.swift in Sources */,
				A997FB621FED257C00D44816 /* AppDelegate.swift in Sources */,
			);
			runOnlyForDeploymentPostprocessing = 0;
		};
		A997FB6E1FED257C00D44816 /* Sources */ = {
			isa = PBXSourcesBuildPhase;
			buildActionMask = 2147483647;
			files = (
				A997FB771FED257C00D44816 /* WeatherTests.swift in Sources */,
			);
			runOnlyForDeploymentPostprocessing = 0;
		};
		A997FB791FED257C00D44816 /* Sources */ = {
			isa = PBXSourcesBuildPhase;
			buildActionMask = 2147483647;
			files = (
				A997FB821FED257C00D44816 /* WeatherUITests.swift in Sources */,
			);
			runOnlyForDeploymentPostprocessing = 0;
		};
/* End PBXSourcesBuildPhase section */

/* Begin PBXTargetDependency section */
		A997FB741FED257C00D44816 /* PBXTargetDependency */ = {
			isa = PBXTargetDependency;
			target = A997FB5D1FED257C00D44816 /* Weather */;
			targetProxy = A997FB731FED257C00D44816 /* PBXContainerItemProxy */;
		};
		A997FB7F1FED257C00D44816 /* PBXTargetDependency */ = {
			isa = PBXTargetDependency;
			target = A997FB5D1FED257C00D44816 /* Weather */;
			targetProxy = A997FB7E1FED257C00D44816 /* PBXContainerItemProxy */;
		};
/* End PBXTargetDependency section */

/* Begin PBXVariantGroup section */
		A997FB651FED257C00D44816 /* Main.storyboard */ = {
			isa = PBXVariantGroup;
			children = (
				A997FB661FED257C00D44816 /* Base */,
			);
			name = Main.storyboard;
			sourceTree = "<group>";
		};
		A997FB6A1FED257C00D44816 /* LaunchScreen.storyboard */ = {
			isa = PBXVariantGroup;
			children = (
				A997FB6B1FED257C00D44816 /* Base */,
			);
			name = LaunchScreen.storyboard;
			sourceTree = "<group>";
		};
/* End PBXVariantGroup section */

/* Begin XCBuildConfiguration section */
		A997FB841FED257C00D44816 /* Debug */ = {
			isa = XCBuildConfiguration;
			buildSettings = {
				ALWAYS_SEARCH_USER_PATHS = NO;
				CLANG_ANALYZER_NONNULL = YES;
				CLANG_ANALYZER_NUMBER_OBJECT_CONVERSION = YES_AGGRESSIVE;
				CLANG_CXX_LANGUAGE_STANDARD = "gnu++14";
				CLANG_CXX_LIBRARY = "libc++";
				CLANG_ENABLE_MODULES = YES;
				CLANG_ENABLE_OBJC_ARC = YES;
				CLANG_WARN_BLOCK_CAPTURE_AUTORELEASING = YES;
				CLANG_WARN_BOOL_CONVERSION = YES;
				CLANG_WARN_COMMA = YES;
				CLANG_WARN_CONSTANT_CONVERSION = YES;
				CLANG_WARN_DIRECT_OBJC_ISA_USAGE = YES_ERROR;
				CLANG_WARN_DOCUMENTATION_COMMENTS = YES;
				CLANG_WARN_EMPTY_BODY = YES;
				CLANG_WARN_ENUM_CONVERSION = YES;
				CLANG_WARN_INFINITE_RECURSION = YES;
				CLANG_WARN_INT_CONVERSION = YES;
				CLANG_WARN_NON_LITERAL_NULL_CONVERSION = YES;
				CLANG_WARN_OBJC_LITERAL_CONVERSION = YES;
				CLANG_WARN_OBJC_ROOT_CLASS = YES_ERROR;
				CLANG_WARN_RANGE_LOOP_ANALYSIS = YES;
				CLANG_WARN_STRICT_PROTOTYPES = YES;
				CLANG_WARN_SUSPICIOUS_MOVE = YES;
				CLANG_WARN_UNGUARDED_AVAILABILITY = YES_AGGRESSIVE;
				CLANG_WARN_UNREACHABLE_CODE = YES;
				CLANG_WARN__DUPLICATE_METHOD_MATCH = YES;
				CODE_SIGN_IDENTITY = "iPhone Developer";
				COPY_PHASE_STRIP = NO;
				DEBUG_INFORMATION_FORMAT = dwarf;
				ENABLE_STRICT_OBJC_MSGSEND = YES;
				ENABLE_TESTABILITY = YES;
				GCC_C_LANGUAGE_STANDARD = gnu11;
				GCC_DYNAMIC_NO_PIC = NO;
				GCC_NO_COMMON_BLOCKS = YES;
				GCC_OPTIMIZATION_LEVEL = 0;
				GCC_PREPROCESSOR_DEFINITIONS = (
					"DEBUG=1",
					"$(inherited)",
				);
				GCC_WARN_64_TO_32_BIT_CONVERSION = YES;
				GCC_WARN_ABOUT_RETURN_TYPE = YES_ERROR;
				GCC_WARN_UNDECLARED_SELECTOR = YES;
				GCC_WARN_UNINITIALIZED_AUTOS = YES_AGGRESSIVE;
				GCC_WARN_UNUSED_FUNCTION = YES;
				GCC_WARN_UNUSED_VARIABLE = YES;
				IPHONEOS_DEPLOYMENT_TARGET = 11.2;
				MTL_ENABLE_DEBUG_INFO = YES;
				ONLY_ACTIVE_ARCH = YES;
				SDKROOT = iphoneos;
				SWIFT_ACTIVE_COMPILATION_CONDITIONS = DEBUG;
				SWIFT_OPTIMIZATION_LEVEL = "-Onone";
			};
			name = Debug;
		};
		A997FB851FED257C00D44816 /* Release */ = {
			isa = XCBuildConfiguration;
			buildSettings = {
				ALWAYS_SEARCH_USER_PATHS = NO;
				CLANG_ANALYZER_NONNULL = YES;
				CLANG_ANALYZER_NUMBER_OBJECT_CONVERSION = YES_AGGRESSIVE;
				CLANG_CXX_LANGUAGE_STANDARD = "gnu++14";
				CLANG_CXX_LIBRARY = "libc++";
				CLANG_ENABLE_MODULES = YES;
				CLANG_ENABLE_OBJC_ARC = YES;
				CLANG_WARN_BLOCK_CAPTURE_AUTORELEASING = YES;
				CLANG_WARN_BOOL_CONVERSION = YES;
				CLANG_WARN_COMMA = YES;
				CLANG_WARN_CONSTANT_CONVERSION = YES;
				CLANG_WARN_DIRECT_OBJC_ISA_USAGE = YES_ERROR;
				CLANG_WARN_DOCUMENTATION_COMMENTS = YES;
				CLANG_WARN_EMPTY_BODY = YES;
				CLANG_WARN_ENUM_CONVERSION = YES;
				CLANG_WARN_INFINITE_RECURSION = YES;
				CLANG_WARN_INT_CONVERSION = YES;
				CLANG_WARN_NON_LITERAL_NULL_CONVERSION = YES;
				CLANG_WARN_OBJC_LITERAL_CONVERSION = YES;
				CLANG_WARN_OBJC_ROOT_CLASS = YES_ERROR;
				CLANG_WARN_RANGE_LOOP_ANALYSIS = YES;
				CLANG_WARN_STRICT_PROTOTYPES = YES;
				CLANG_WARN_SUSPICIOUS_MOVE = YES;
				CLANG_WARN_UNGUARDED_AVAILABILITY = YES_AGGRESSIVE;
				CLANG_WARN_UNREACHABLE_CODE = YES;
				CLANG_WARN__DUPLICATE_METHOD_MATCH = YES;
				CODE_SIGN_IDENTITY = "iPhone Developer";
				COPY_PHASE_STRIP = NO;
				DEBUG_INFORMATION_FORMAT = "dwarf-with-dsym";
				ENABLE_NS_ASSERTIONS = NO;
				ENABLE_STRICT_OBJC_MSGSEND = YES;
				GCC_C_LANGUAGE_STANDARD = gnu11;
				GCC_NO_COMMON_BLOCKS = YES;
				GCC_WARN_64_TO_32_BIT_CONVERSION = YES;
				GCC_WARN_ABOUT_RETURN_TYPE = YES_ERROR;
				GCC_WARN_UNDECLARED_SELECTOR = YES;
				GCC_WARN_UNINITIALIZED_AUTOS = YES_AGGRESSIVE;
				GCC_WARN_UNUSED_FUNCTION = YES;
				GCC_WARN_UNUSED_VARIABLE = YES;
				IPHONEOS_DEPLOYMENT_TARGET = 11.2;
				MTL_ENABLE_DEBUG_INFO = NO;
				SDKROOT = iphoneos;
				SWIFT_OPTIMIZATION_LEVEL = "-Owholemodule";
				VALIDATE_PRODUCT = YES;
			};
			name = Release;
		};
		A997FB871FED257C00D44816 /* Debug */ = {
			isa = XCBuildConfiguration;
			buildSettings = {
				ASSETCATALOG_COMPILER_APPICON_NAME = AppIcon;
				CODE_SIGN_STYLE = Automatic;
				DEVELOPMENT_TEAM = 5VGL2XRGNT;
				INFOPLIST_FILE = Weather/Info.plist;
				LD_RUNPATH_SEARCH_PATHS = "$(inherited) @executable_path/Frameworks";
				PRODUCT_BUNDLE_IDENTIFIER = com.onomatopee.Weather;
				PRODUCT_NAME = "$(TARGET_NAME)";
				SWIFT_VERSION = 4.0;
				TARGETED_DEVICE_FAMILY = "1,2";
			};
			name = Debug;
		};
		A997FB881FED257C00D44816 /* Release */ = {
			isa = XCBuildConfiguration;
			buildSettings = {
				ASSETCATALOG_COMPILER_APPICON_NAME = AppIcon;
				CODE_SIGN_STYLE = Automatic;
				DEVELOPMENT_TEAM = 5VGL2XRGNT;
				INFOPLIST_FILE = Weather/Info.plist;
				LD_RUNPATH_SEARCH_PATHS = "$(inherited) @executable_path/Frameworks";
				PRODUCT_BUNDLE_IDENTIFIER = com.onomatopee.Weather;
				PRODUCT_NAME = "$(TARGET_NAME)";
				SWIFT_VERSION = 4.0;
				TARGETED_DEVICE_FAMILY = "1,2";
			};
			name = Release;
		};
		A997FB8A1FED257C00D44816 /* Debug */ = {
			isa = XCBuildConfiguration;
			buildSettings = {
				ALWAYS_EMBED_SWIFT_STANDARD_LIBRARIES = YES;
				BUNDLE_LOADER = "$(TEST_HOST)";
				CODE_SIGN_STYLE = Automatic;
				DEVELOPMENT_TEAM = 5VGL2XRGNT;
				INFOPLIST_FILE = WeatherTests/Info.plist;
				LD_RUNPATH_SEARCH_PATHS = "$(inherited) @executable_path/Frameworks @loader_path/Frameworks";
				PRODUCT_BUNDLE_IDENTIFIER = com.onomatopee.WeatherTests;
				PRODUCT_NAME = "$(TARGET_NAME)";
				SWIFT_VERSION = 4.0;
				TARGETED_DEVICE_FAMILY = "1,2";
				TEST_HOST = "$(BUILT_PRODUCTS_DIR)/Weather.app/Weather";
			};
			name = Debug;
		};
		A997FB8B1FED257C00D44816 /* Release */ = {
			isa = XCBuildConfiguration;
			buildSettings = {
				ALWAYS_EMBED_SWIFT_STANDARD_LIBRARIES = YES;
				BUNDLE_LOADER = "$(TEST_HOST)";
				CODE_SIGN_STYLE = Automatic;
				DEVELOPMENT_TEAM = 5VGL2XRGNT;
				INFOPLIST_FILE = WeatherTests/Info.plist;
				LD_RUNPATH_SEARCH_PATHS = "$(inherited) @executable_path/Frameworks @loader_path/Frameworks";
				PRODUCT_BUNDLE_IDENTIFIER = com.onomatopee.WeatherTests;
				PRODUCT_NAME = "$(TARGET_NAME)";
				SWIFT_VERSION = 4.0;
				TARGETED_DEVICE_FAMILY = "1,2";
				TEST_HOST = "$(BUILT_PRODUCTS_DIR)/Weather.app/Weather";
			};
			name = Release;
		};
		A997FB8D1FED257C00D44816 /* Debug */ = {
			isa = XCBuildConfiguration;
			buildSettings = {
				ALWAYS_EMBED_SWIFT_STANDARD_LIBRARIES = YES;
				CODE_SIGN_STYLE = Automatic;
				DEVELOPMENT_TEAM = 5VGL2XRGNT;
				INFOPLIST_FILE = WeatherUITests/Info.plist;
				LD_RUNPATH_SEARCH_PATHS = "$(inherited) @executable_path/Frameworks @loader_path/Frameworks";
				PRODUCT_BUNDLE_IDENTIFIER = com.onomatopee.WeatherUITests;
				PRODUCT_NAME = "$(TARGET_NAME)";
				SWIFT_VERSION = 4.0;
				TARGETED_DEVICE_FAMILY = "1,2";
				TEST_TARGET_NAME = Weather;
			};
			name = Debug;
		};
		A997FB8E1FED257C00D44816 /* Release */ = {
			isa = XCBuildConfiguration;
			buildSettings = {
				ALWAYS_EMBED_SWIFT_STANDARD_LIBRARIES = YES;
				CODE_SIGN_STYLE = Automatic;
				DEVELOPMENT_TEAM = 5VGL2XRGNT;
				INFOPLIST_FILE = WeatherUITests/Info.plist;
				LD_RUNPATH_SEARCH_PATHS = "$(inherited) @executable_path/Frameworks @loader_path/Frameworks";
				PRODUCT_BUNDLE_IDENTIFIER = com.onomatopee.WeatherUITests;
				PRODUCT_NAME = "$(TARGET_NAME)";
				SWIFT_VERSION = 4.0;
				TARGETED_DEVICE_FAMILY = "1,2";
				TEST_TARGET_NAME = Weather;
			};
			name = Release;
		};
/* End XCBuildConfiguration section */

/* Begin XCConfigurationList section */
		A997FB591FED257C00D44816 /* Build configuration list for PBXProject "Weather" */ = {
			isa = XCConfigurationList;
			buildConfigurations = (
				A997FB841FED257C00D44816 /* Debug */,
				A997FB851FED257C00D44816 /* Release */,
			);
			defaultConfigurationIsVisible = 0;
			defaultConfigurationName = Release;
		};
		A997FB861FED257C00D44816 /* Build configuration list for PBXNativeTarget "Weather" */ = {
			isa = XCConfigurationList;
			buildConfigurations = (
				A997FB871FED257C00D44816 /* Debug */,
				A997FB881FED257C00D44816 /* Release */,
			);
			defaultConfigurationIsVisible = 0;
			defaultConfigurationName = Release;
		};
		A997FB891FED257C00D44816 /* Build configuration list for PBXNativeTarget "WeatherTests" */ = {
			isa = XCConfigurationList;
			buildConfigurations = (
				A997FB8A1FED257C00D44816 /* Debug */,
				A997FB8B1FED257C00D44816 /* Release */,
			);
			defaultConfigurationIsVisible = 0;
			defaultConfigurationName = Release;
		};
		A997FB8C1FED257C00D44816 /* Build configuration list for PBXNativeTarget "WeatherUITests" */ = {
			isa = XCConfigurationList;
			buildConfigurations = (
				A997FB8D1FED257C00D44816 /* Debug */,
				A997FB8E1FED257C00D44816 /* Release */,
			);
			defaultConfigurationIsVisible = 0;
			defaultConfigurationName = Release;
		};
/* End XCConfigurationList section */
	};
	rootObject = A997FB561FED257C00D44816 /* Project object */;
}
